lockfileVersion: '9.0'

settings:
  autoInstallPeers: true
  excludeLinksFromLockfile: false

importers:

  .:
    dependencies:
      '@types/deno':
        specifier: ^2.0.0
        version: 2.0.0
      graphlib-dot:
        specifier: ^0.6.4
        version: 0.6.4
      jsr:
        specifier: ^0.13.3
        version: 0.13.3

packages:

  '@types/deno@2.0.0':
    resolution: {integrity: sha512-O9/jRVlq93kqfkl4sYR5N7+Pz4ukzXVIbMnE/VgvpauNHsvjQ9iBVnJ3X0gAvMa2khcoFD8DSO7mQVCuiuDMPg==}

  graphlib-dot@0.6.4:
    resolution: {integrity: sha512-rdhDTu0mBlloTpFMfkQq+e3y4yL22OqP5MhQbkw6QUURqa+4YLgv3XZy2fA64wdEcJNZ+waI76URemVgdFtzng==}

  graphlib@2.1.8:
    resolution: {integrity: sha512-jcLLfkpoVGmH7/InMC/1hIvOPSUh38oJtGhvrOFGzioE1DZ+0YW16RgmOJhHiuWTvGiJQ9Z1Ik43JvkRPRvE+A==}

  jsr@0.13.3:
    resolution: {integrity: sha512-iPt9r1lMK8BIdGwLP9/PslqkP8HoU3tn3c26qrQlavC6sgqy7lbJk0wLHbrbKZCD5a7RIomvTivvJTFQrvkIPQ==}
    hasBin: true

  kolorist@1.8.0:
    resolution: {integrity: sha512-Y+60/zizpJ3HRH8DCss+q95yr6145JXZo46OTpFvDZWLfRCE4qChOyk1b26nMaNpfHHgxagk9dXT5OP0Tfe+dQ==}

  lodash@4.17.21:
    resolution: {integrity: sha512-v2kDEe57lecTulaDIuNTPy3Ry4gLGJ6Z1O3vE1krgXZNrsQ+LFTGHVxVjcXPs17LhbZVGedAJv8XZ1tvj5FvSg==}

  node-stream-zip@1.15.0:
    resolution: {integrity: sha512-LN4fydt9TqhZhThkZIVQnF9cwjU3qmUH9h78Mx/K7d3VvfRqqwthLwJEUOEL0QPZ0XQmNN7be5Ggit5+4dq3Bw==}
    engines: {node: '>=0.12.0'}

  semiver@1.1.0:
    resolution: {integrity: sha512-QNI2ChmuioGC1/xjyYwyZYADILWyW6AmS1UH6gDj/SFUUUS4MBAWs/7mxnkRPc/F4iHezDP+O8t0dO8WHiEOdg==}
    engines: {node: '>=6'}

snapshots:

  '@types/deno@2.0.0': {}

  graphlib-dot@0.6.4:
    dependencies:
      graphlib: 2.1.8
      lodash: 4.17.21

  graphlib@2.1.8:
    dependencies:
      lodash: 4.17.21

  jsr@0.13.3:
    dependencies:
      kolorist: 1.8.0
      node-stream-zip: 1.15.0
      semiver: 1.1.0

  kolorist@1.8.0: {}

  lodash@4.17.21: {}

  node-stream-zip@1.15.0: {}

  semiver@1.1.0: {}
